
Microsoft Visual Studio Solution File, Format Version 12.00
# Visual Studio Version 17
VisualStudioVersion = 17.0.32112.339
MinimumVisualStudioVersion = 10.0.40219.1
Project("{FAE04EC0-301F-11D3-BF4B-00C04F79EFBC}") = "Assignments", "Assignments\Assignments.csproj", "{90D8E8D4-57EE-42DC-A131-0168E1C8B94E}"
EndProject
Global
	GlobalSection(SolutionConfigurationPlatforms) = preSolution
		Debug|Any CPU = Debug|Any CPU
		Release|Any CPU = Release|Any CPU
	EndGlobalSection
	GlobalSection(ProjectConfigurationPlatforms) = postSolution
		{90D8E8D4-57EE-42DC-A131-0168E1C8B94E}.Debug|Any CPU.ActiveCfg = Debug|Any CPU
		{90D8E8D4-57EE-42DC-A131-0168E1C8B94E}.Debug|Any CPU.Build.0 = Debug|Any CPU
		{90D8E8D4-57EE-42DC-A131-0168E1C8B94E}.Release|Any CPU.ActiveCfg = Release|Any CPU
		{90D8E8D4-57EE-42DC-A131-0168E1C8B94E}.Release|Any CPU.Build.0 = Release|Any CPU
	EndGlobalSection
	GlobalSection(SolutionProperties) = preSolution
		HideSolutionNode = FALSE
	EndGlobalSection
	GlobalSection(ExtensibilityGlobals) = postSolution
		SolutionGuid = {07D57D6A-F57D-4B0F-938A-D725321239D0}
	EndGlobalSection
EndGlobal
